// !$*UTF8*$!
{
	archiveVersion = 1;
	classes = {
	};
	objectVersion = 55;
	objects = {

/* Begin PBXBuildFile section */
		67843FCE9AFBDA901289F29A /* Pods_FastFeet.framework in Frameworks */ = {isa = PBXBuildFile; fileRef = 12A570BDAF5DCAC639C5D5C1 /* Pods_FastFeet.framework */; };
		B161B9D0296A318200F6B5EF /* AppDelegate.swift in Sources */ = {isa = PBXBuildFile; fileRef = B161B9CF296A318200F6B5EF /* AppDelegate.swift */; };
		B161B9D2296A318200F6B5EF /* SceneDelegate.swift in Sources */ = {isa = PBXBuildFile; fileRef = B161B9D1296A318200F6B5EF /* SceneDelegate.swift */; };
		B161B9D4296A318200F6B5EF /* FFLoginViewController.swift in Sources */ = {isa = PBXBuildFile; fileRef = B161B9D3296A318200F6B5EF /* FFLoginViewController.swift */; };
		B161B9DA296A318200F6B5EF /* FastFeet.xcdatamodeld in Sources */ = {isa = PBXBuildFile; fileRef = B161B9D8296A318200F6B5EF /* FastFeet.xcdatamodeld */; };
		B161B9DC296A318200F6B5EF /* Assets.xcassets in Resources */ = {isa = PBXBuildFile; fileRef = B161B9DB296A318200F6B5EF /* Assets.xcassets */; };
		B161B9DF296A318200F6B5EF /* LaunchScreen.storyboard in Resources */ = {isa = PBXBuildFile; fileRef = B161B9DD296A318200F6B5EF /* LaunchScreen.storyboard */; };
		B161B9EA296A318200F6B5EF /* FastFeetTests.swift in Sources */ = {isa = PBXBuildFile; fileRef = B161B9E9296A318200F6B5EF /* FastFeetTests.swift */; };
		B161B9F4296A318200F6B5EF /* FastFeetUITests.swift in Sources */ = {isa = PBXBuildFile; fileRef = B161B9F3296A318200F6B5EF /* FastFeetUITests.swift */; };
		B161B9F6296A318200F6B5EF /* FastFeetUITestsLaunchTests.swift in Sources */ = {isa = PBXBuildFile; fileRef = B161B9F5296A318200F6B5EF /* FastFeetUITestsLaunchTests.swift */; };
		B161BA05296A34C100F6B5EF /* Extensions.swift in Sources */ = {isa = PBXBuildFile; fileRef = B161BA04296A34C100F6B5EF /* Extensions.swift */; };
		B186E2252979B87E000B05A7 /* FFPackageResults.swift in Sources */ = {isa = PBXBuildFile; fileRef = B186E2242979B87E000B05A7 /* FFPackageResults.swift */; };
		B186E2272979B929000B05A7 /* FFPackageStatus.swift in Sources */ = {isa = PBXBuildFile; fileRef = B186E2262979B929000B05A7 /* FFPackageStatus.swift */; };
		B191175C2979BB210006D0CA /* FFGenericService.swift in Sources */ = {isa = PBXBuildFile; fileRef = B191175B2979BB210006D0CA /* FFGenericService.swift */; };
		B191175E2979BB660006D0CA /* FFServiceError.swift in Sources */ = {isa = PBXBuildFile; fileRef = B191175D2979BB660006D0CA /* FFServiceError.swift */; };
		B19117602979BBE00006D0CA /* FFService.swift in Sources */ = {isa = PBXBuildFile; fileRef = B191175F2979BBE00006D0CA /* FFService.swift */; };
		B1CF28D6297829DF00D0A562 /* FFForgotPassword.swift in Sources */ = {isa = PBXBuildFile; fileRef = B1CF28D5297829DF00D0A562 /* FFForgotPassword.swift */; };
		B1CF28DB2978491100D0A562 /* FFLoginStrings.swift in Sources */ = {isa = PBXBuildFile; fileRef = B1CF28DA2978491100D0A562 /* FFLoginStrings.swift */; };
		B1CF28DD2978499600D0A562 /* FeatureKind.swift in Sources */ = {isa = PBXBuildFile; fileRef = B1CF28DC2978499600D0A562 /* FeatureKind.swift */; };
		B1CF28DF29784BDF00D0A562 /* FFForgotPasswordStrings.swift in Sources */ = {isa = PBXBuildFile; fileRef = B1CF28DE29784BDF00D0A562 /* FFForgotPasswordStrings.swift */; };
		B1CF28E429785C8500D0A562 /* FFMainTabViewController.swift in Sources */ = {isa = PBXBuildFile; fileRef = B1CF28E329785C8500D0A562 /* FFMainTabViewController.swift */; };
		B1CF28E629785D6200D0A562 /* FFPendingViewController.swift in Sources */ = {isa = PBXBuildFile; fileRef = B1CF28E529785D6200D0A562 /* FFPendingViewController.swift */; };
		B1CF28E929785DC700D0A562 /* FFDeliveredViewController.swift in Sources */ = {isa = PBXBuildFile; fileRef = B1CF28E829785DC700D0A562 /* FFDeliveredViewController.swift */; };
		B1CF28EB297860BC00D0A562 /* FFMainTabStrings.swift in Sources */ = {isa = PBXBuildFile; fileRef = B1CF28EA297860BC00D0A562 /* FFMainTabStrings.swift */; };
		B1CF28ED2978730400D0A562 /* FFHeaderMainTabView.swift in Sources */ = {isa = PBXBuildFile; fileRef = B1CF28EC2978730400D0A562 /* FFHeaderMainTabView.swift */; };
		B1FC7E122975B6D500017D98 /* FFHeaderStartMainView.swift in Sources */ = {isa = PBXBuildFile; fileRef = B1FC7E112975B6D500017D98 /* FFHeaderStartMainView.swift */; };
		B1FC7E152975CD4000017D98 /* Utilities.swift in Sources */ = {isa = PBXBuildFile; fileRef = B1FC7E142975CD4000017D98 /* Utilities.swift */; };
		CB0AC4A6E02A39A9B6DB0FBE /* Pods_FastFeet_FastFeetUITests.framework in Frameworks */ = {isa = PBXBuildFile; fileRef = 1F65F1A38ED8ACB2AD143A56 /* Pods_FastFeet_FastFeetUITests.framework */; };
		D7E0BA8095F54A86970511FB /* Pods_FastFeetTests.framework in Frameworks */ = {isa = PBXBuildFile; fileRef = C798511B4274D4E1EDAE42C6 /* Pods_FastFeetTests.framework */; };
/* End PBXBuildFile section */

/* Begin PBXContainerItemProxy section */
		B161B9E6296A318200F6B5EF /* PBXContainerItemProxy */ = {
			isa = PBXContainerItemProxy;
			containerPortal = B161B9C4296A318200F6B5EF /* Project object */;
			proxyType = 1;
			remoteGlobalIDString = B161B9CB296A318200F6B5EF;
			remoteInfo = FastFeet;
		};
		B161B9F0296A318200F6B5EF /* PBXContainerItemProxy */ = {
			isa = PBXContainerItemProxy;
			containerPortal = B161B9C4296A318200F6B5EF /* Project object */;
			proxyType = 1;
			remoteGlobalIDString = B161B9CB296A318200F6B5EF;
			remoteInfo = FastFeet;
		};
/* End PBXContainerItemProxy section */

/* Begin PBXFileReference section */
		12A570BDAF5DCAC639C5D5C1 /* Pods_FastFeet.framework */ = {isa = PBXFileReference; explicitFileType = wrapper.framework; includeInIndex = 0; path = Pods_FastFeet.framework; sourceTree = BUILT_PRODUCTS_DIR; };
		1F65F1A38ED8ACB2AD143A56 /* Pods_FastFeet_FastFeetUITests.framework */ = {isa = PBXFileReference; explicitFileType = wrapper.framework; includeInIndex = 0; path = Pods_FastFeet_FastFeetUITests.framework; sourceTree = BUILT_PRODUCTS_DIR; };
		2D08766E1EA897B5003BEF67 /* Pods-FastFeetTests.debug.xcconfig */ = {isa = PBXFileReference; includeInIndex = 1; lastKnownFileType = text.xcconfig; name = "Pods-FastFeetTests.debug.xcconfig"; path = "Target Support Files/Pods-FastFeetTests/Pods-FastFeetTests.debug.xcconfig"; sourceTree = "<group>"; };
		4005DD584EDDF24E02E2B71E /* Pods-FastFeet-FastFeetUITests.debug.xcconfig */ = {isa = PBXFileReference; includeInIndex = 1; lastKnownFileType = text.xcconfig; name = "Pods-FastFeet-FastFeetUITests.debug.xcconfig"; path = "Target Support Files/Pods-FastFeet-FastFeetUITests/Pods-FastFeet-FastFeetUITests.debug.xcconfig"; sourceTree = "<group>"; };
		76839803B565232DB51D5E42 /* Pods-FastFeet.debug.xcconfig */ = {isa = PBXFileReference; includeInIndex = 1; lastKnownFileType = text.xcconfig; name = "Pods-FastFeet.debug.xcconfig"; path = "Target Support Files/Pods-FastFeet/Pods-FastFeet.debug.xcconfig"; sourceTree = "<group>"; };
		B161B9CC296A318200F6B5EF /* FastFeet.app */ = {isa = PBXFileReference; explicitFileType = wrapper.application; includeInIndex = 0; path = FastFeet.app; sourceTree = BUILT_PRODUCTS_DIR; };
		B161B9CF296A318200F6B5EF /* AppDelegate.swift */ = {isa = PBXFileReference; lastKnownFileType = sourcecode.swift; path = AppDelegate.swift; sourceTree = "<group>"; };
		B161B9D1296A318200F6B5EF /* SceneDelegate.swift */ = {isa = PBXFileReference; lastKnownFileType = sourcecode.swift; path = SceneDelegate.swift; sourceTree = "<group>"; };
		B161B9D3296A318200F6B5EF /* FFLoginViewController.swift */ = {isa = PBXFileReference; lastKnownFileType = sourcecode.swift; path = FFLoginViewController.swift; sourceTree = "<group>"; };
		B161B9D9296A318200F6B5EF /* FastFeet.xcdatamodel */ = {isa = PBXFileReference; lastKnownFileType = wrapper.xcdatamodel; path = FastFeet.xcdatamodel; sourceTree = "<group>"; };
		B161B9DB296A318200F6B5EF /* Assets.xcassets */ = {isa = PBXFileReference; lastKnownFileType = folder.assetcatalog; path = Assets.xcassets; sourceTree = "<group>"; };
		B161B9DE296A318200F6B5EF /* Base */ = {isa = PBXFileReference; lastKnownFileType = file.storyboard; name = Base; path = Base.lproj/LaunchScreen.storyboard; sourceTree = "<group>"; };
		B161B9E0296A318200F6B5EF /* Info.plist */ = {isa = PBXFileReference; lastKnownFileType = text.plist.xml; path = Info.plist; sourceTree = "<group>"; };
		B161B9E5296A318200F6B5EF /* FastFeetTests.xctest */ = {isa = PBXFileReference; explicitFileType = wrapper.cfbundle; includeInIndex = 0; path = FastFeetTests.xctest; sourceTree = BUILT_PRODUCTS_DIR; };
		B161B9E9296A318200F6B5EF /* FastFeetTests.swift */ = {isa = PBXFileReference; lastKnownFileType = sourcecode.swift; path = FastFeetTests.swift; sourceTree = "<group>"; };
		B161B9EF296A318200F6B5EF /* FastFeetUITests.xctest */ = {isa = PBXFileReference; explicitFileType = wrapper.cfbundle; includeInIndex = 0; path = FastFeetUITests.xctest; sourceTree = BUILT_PRODUCTS_DIR; };
		B161B9F3296A318200F6B5EF /* FastFeetUITests.swift */ = {isa = PBXFileReference; lastKnownFileType = sourcecode.swift; path = FastFeetUITests.swift; sourceTree = "<group>"; };
		B161B9F5296A318200F6B5EF /* FastFeetUITestsLaunchTests.swift */ = {isa = PBXFileReference; lastKnownFileType = sourcecode.swift; path = FastFeetUITestsLaunchTests.swift; sourceTree = "<group>"; };
		B161BA04296A34C100F6B5EF /* Extensions.swift */ = {isa = PBXFileReference; lastKnownFileType = sourcecode.swift; path = Extensions.swift; sourceTree = "<group>"; };
		B186E2242979B87E000B05A7 /* FFPackageResults.swift */ = {isa = PBXFileReference; lastKnownFileType = sourcecode.swift; path = FFPackageResults.swift; sourceTree = "<group>"; };
		B186E2262979B929000B05A7 /* FFPackageStatus.swift */ = {isa = PBXFileReference; lastKnownFileType = sourcecode.swift; path = FFPackageStatus.swift; sourceTree = "<group>"; };
		B191175B2979BB210006D0CA /* FFGenericService.swift */ = {isa = PBXFileReference; lastKnownFileType = sourcecode.swift; path = FFGenericService.swift; sourceTree = "<group>"; };
		B191175D2979BB660006D0CA /* FFServiceError.swift */ = {isa = PBXFileReference; lastKnownFileType = sourcecode.swift; path = FFServiceError.swift; sourceTree = "<group>"; };
		B191175F2979BBE00006D0CA /* FFService.swift */ = {isa = PBXFileReference; lastKnownFileType = sourcecode.swift; path = FFService.swift; sourceTree = "<group>"; };
		B1CF28D5297829DF00D0A562 /* FFForgotPassword.swift */ = {isa = PBXFileReference; lastKnownFileType = sourcecode.swift; path = FFForgotPassword.swift; sourceTree = "<group>"; };
		B1CF28DA2978491100D0A562 /* FFLoginStrings.swift */ = {isa = PBXFileReference; lastKnownFileType = sourcecode.swift; path = FFLoginStrings.swift; sourceTree = "<group>"; };
		B1CF28DC2978499600D0A562 /* FeatureKind.swift */ = {isa = PBXFileReference; lastKnownFileType = sourcecode.swift; path = FeatureKind.swift; sourceTree = "<group>"; };
		B1CF28DE29784BDF00D0A562 /* FFForgotPasswordStrings.swift */ = {isa = PBXFileReference; lastKnownFileType = sourcecode.swift; path = FFForgotPasswordStrings.swift; sourceTree = "<group>"; };
		B1CF28E329785C8500D0A562 /* FFMainTabViewController.swift */ = {isa = PBXFileReference; lastKnownFileType = sourcecode.swift; path = FFMainTabViewController.swift; sourceTree = "<group>"; };
		B1CF28E529785D6200D0A562 /* FFPendingViewController.swift */ = {isa = PBXFileReference; lastKnownFileType = sourcecode.swift; path = FFPendingViewController.swift; sourceTree = "<group>"; };
		B1CF28E829785DC700D0A562 /* FFDeliveredViewController.swift */ = {isa = PBXFileReference; lastKnownFileType = sourcecode.swift; path = FFDeliveredViewController.swift; sourceTree = "<group>"; };
		B1CF28EA297860BC00D0A562 /* FFMainTabStrings.swift */ = {isa = PBXFileReference; lastKnownFileType = sourcecode.swift; path = FFMainTabStrings.swift; sourceTree = "<group>"; };
		B1CF28EC2978730400D0A562 /* FFHeaderMainTabView.swift */ = {isa = PBXFileReference; lastKnownFileType = sourcecode.swift; path = FFHeaderMainTabView.swift; sourceTree = "<group>"; };
		B1FC7E112975B6D500017D98 /* FFHeaderStartMainView.swift */ = {isa = PBXFileReference; lastKnownFileType = sourcecode.swift; path = FFHeaderStartMainView.swift; sourceTree = "<group>"; };
		B1FC7E142975CD4000017D98 /* Utilities.swift */ = {isa = PBXFileReference; lastKnownFileType = sourcecode.swift; path = Utilities.swift; sourceTree = "<group>"; };
		C533F2AF64305B4EF2BB3004 /* Pods-FastFeetTests.release.xcconfig */ = {isa = PBXFileReference; includeInIndex = 1; lastKnownFileType = text.xcconfig; name = "Pods-FastFeetTests.release.xcconfig"; path = "Target Support Files/Pods-FastFeetTests/Pods-FastFeetTests.release.xcconfig"; sourceTree = "<group>"; };
		C798511B4274D4E1EDAE42C6 /* Pods_FastFeetTests.framework */ = {isa = PBXFileReference; explicitFileType = wrapper.framework; includeInIndex = 0; path = Pods_FastFeetTests.framework; sourceTree = BUILT_PRODUCTS_DIR; };
		CEFDD91D4DA7C22009B28202 /* Pods-FastFeet-FastFeetUITests.release.xcconfig */ = {isa = PBXFileReference; includeInIndex = 1; lastKnownFileType = text.xcconfig; name = "Pods-FastFeet-FastFeetUITests.release.xcconfig"; path = "Target Support Files/Pods-FastFeet-FastFeetUITests/Pods-FastFeet-FastFeetUITests.release.xcconfig"; sourceTree = "<group>"; };
		D798419CC14745FBC8D97387 /* Pods-FastFeet.release.xcconfig */ = {isa = PBXFileReference; includeInIndex = 1; lastKnownFileType = text.xcconfig; name = "Pods-FastFeet.release.xcconfig"; path = "Target Support Files/Pods-FastFeet/Pods-FastFeet.release.xcconfig"; sourceTree = "<group>"; };
/* End PBXFileReference section */

/* Begin PBXFrameworksBuildPhase section */
		B161B9C9296A318200F6B5EF /* Frameworks */ = {
			isa = PBXFrameworksBuildPhase;
			buildActionMask = 2147483647;
			files = (
				67843FCE9AFBDA901289F29A /* Pods_FastFeet.framework in Frameworks */,
			);
			runOnlyForDeploymentPostprocessing = 0;
		};
		B161B9E2296A318200F6B5EF /* Frameworks */ = {
			isa = PBXFrameworksBuildPhase;
			buildActionMask = 2147483647;
			files = (
				D7E0BA8095F54A86970511FB /* Pods_FastFeetTests.framework in Frameworks */,
			);
			runOnlyForDeploymentPostprocessing = 0;
		};
		B161B9EC296A318200F6B5EF /* Frameworks */ = {
			isa = PBXFrameworksBuildPhase;
			buildActionMask = 2147483647;
			files = (
				CB0AC4A6E02A39A9B6DB0FBE /* Pods_FastFeet_FastFeetUITests.framework in Frameworks */,
			);
			runOnlyForDeploymentPostprocessing = 0;
		};
/* End PBXFrameworksBuildPhase section */

/* Begin PBXGroup section */
		675EF42C766727EA7F02B217 /* Pods */ = {
			isa = PBXGroup;
			children = (
				76839803B565232DB51D5E42 /* Pods-FastFeet.debug.xcconfig */,
				D798419CC14745FBC8D97387 /* Pods-FastFeet.release.xcconfig */,
				4005DD584EDDF24E02E2B71E /* Pods-FastFeet-FastFeetUITests.debug.xcconfig */,
				CEFDD91D4DA7C22009B28202 /* Pods-FastFeet-FastFeetUITests.release.xcconfig */,
				2D08766E1EA897B5003BEF67 /* Pods-FastFeetTests.debug.xcconfig */,
				C533F2AF64305B4EF2BB3004 /* Pods-FastFeetTests.release.xcconfig */,
			);
			name = Pods;
			path = Pods;
			sourceTree = "<group>";
		};
		B161B9C3296A318200F6B5EF = {
			isa = PBXGroup;
			children = (
				B161B9CE296A318200F6B5EF /* FastFeet */,
				B161B9E8296A318200F6B5EF /* FastFeetTests */,
				B161B9F2296A318200F6B5EF /* FastFeetUITests */,
				B161B9CD296A318200F6B5EF /* Products */,
				675EF42C766727EA7F02B217 /* Pods */,
				CCD7D619F3AF92161F07436C /* Frameworks */,
			);
			sourceTree = "<group>";
		};
		B161B9CD296A318200F6B5EF /* Products */ = {
			isa = PBXGroup;
			children = (
				B161B9CC296A318200F6B5EF /* FastFeet.app */,
				B161B9E5296A318200F6B5EF /* FastFeetTests.xctest */,
				B161B9EF296A318200F6B5EF /* FastFeetUITests.xctest */,
			);
			name = Products;
			sourceTree = "<group>";
		};
		B161B9CE296A318200F6B5EF /* FastFeet */ = {
			isa = PBXGroup;
			children = (
				B191175A2979BABF0006D0CA /* Service */,
				B186E2232979B857000B05A7 /* Models */,
				B1CF28D7297838C500D0A562 /* Strings */,
				B161BA02296A31B300F6B5EF /* Resources */,
				B161BA03296A31BC00F6B5EF /* Controller */,
				B161B9E0296A318200F6B5EF /* Info.plist */,
				B161B9D8296A318200F6B5EF /* FastFeet.xcdatamodeld */,
				B1FC7E132975B91300017D98 /* Custom View */,
			);
			path = FastFeet;
			sourceTree = "<group>";
		};
		B161B9E8296A318200F6B5EF /* FastFeetTests */ = {
			isa = PBXGroup;
			children = (
				B161B9E9296A318200F6B5EF /* FastFeetTests.swift */,
			);
			path = FastFeetTests;
			sourceTree = "<group>";
		};
		B161B9F2296A318200F6B5EF /* FastFeetUITests */ = {
			isa = PBXGroup;
			children = (
				B161B9F3296A318200F6B5EF /* FastFeetUITests.swift */,
				B161B9F5296A318200F6B5EF /* FastFeetUITestsLaunchTests.swift */,
			);
			path = FastFeetUITests;
			sourceTree = "<group>";
		};
		B161BA02296A31B300F6B5EF /* Resources */ = {
			isa = PBXGroup;
			children = (
				B161B9DB296A318200F6B5EF /* Assets.xcassets */,
				B161B9DD296A318200F6B5EF /* LaunchScreen.storyboard */,
				B161B9CF296A318200F6B5EF /* AppDelegate.swift */,
				B161B9D1296A318200F6B5EF /* SceneDelegate.swift */,
				B161BA04296A34C100F6B5EF /* Extensions.swift */,
				B1FC7E142975CD4000017D98 /* Utilities.swift */,
			);
			path = Resources;
			sourceTree = "<group>";
		};
		B161BA03296A31BC00F6B5EF /* Controller */ = {
			isa = PBXGroup;
			children = (
				B1CF28E229785C6300D0A562 /* Core */,
				B1CF28E129785C4200D0A562 /* Authentication */,
			);
			path = Controller;
			sourceTree = "<group>";
		};
		B186E2232979B857000B05A7 /* Models */ = {
			isa = PBXGroup;
			children = (
				B186E2242979B87E000B05A7 /* FFPackageResults.swift */,
				B186E2262979B929000B05A7 /* FFPackageStatus.swift */,
			);
			path = Models;
			sourceTree = "<group>";
		};
		B191175A2979BABF0006D0CA /* Service */ = {
			isa = PBXGroup;
			children = (
				B191175B2979BB210006D0CA /* FFGenericService.swift */,
				B191175D2979BB660006D0CA /* FFServiceError.swift */,
				B191175F2979BBE00006D0CA /* FFService.swift */,
			);
			path = Service;
			sourceTree = "<group>";
		};
		B1CF28D7297838C500D0A562 /* Strings */ = {
			isa = PBXGroup;
			children = (
				B1CF28DC2978499600D0A562 /* FeatureKind.swift */,
				B1CF28E029784D9B00D0A562 /* Presentations Strings */,
			);
			path = Strings;
			sourceTree = "<group>";
		};
		B1CF28E029784D9B00D0A562 /* Presentations Strings */ = {
			isa = PBXGroup;
			children = (
				B1CF28DA2978491100D0A562 /* FFLoginStrings.swift */,
				B1CF28DE29784BDF00D0A562 /* FFForgotPasswordStrings.swift */,
				B1CF28EA297860BC00D0A562 /* FFMainTabStrings.swift */,
			);
			path = "Presentations Strings";
			sourceTree = "<group>";
		};
		B1CF28E129785C4200D0A562 /* Authentication */ = {
			isa = PBXGroup;
			children = (
				B161B9D3296A318200F6B5EF /* FFLoginViewController.swift */,
				B1CF28D5297829DF00D0A562 /* FFForgotPassword.swift */,
			);
			path = Authentication;
			sourceTree = "<group>";
		};
		B1CF28E229785C6300D0A562 /* Core */ = {
			isa = PBXGroup;
			children = (
				B1CF28E329785C8500D0A562 /* FFMainTabViewController.swift */,
				B1CF28E729785D9600D0A562 /* Screens */,
			);
			path = Core;
			sourceTree = "<group>";
		};
		B1CF28E729785D9600D0A562 /* Screens */ = {
			isa = PBXGroup;
			children = (
				B1CF28E529785D6200D0A562 /* FFPendingViewController.swift */,
				B1CF28E829785DC700D0A562 /* FFDeliveredViewController.swift */,
			);
			path = Screens;
			sourceTree = "<group>";
		};
		B1FC7E132975B91300017D98 /* Custom View */ = {
			isa = PBXGroup;
			children = (
				B1FC7E112975B6D500017D98 /* FFHeaderStartMainView.swift */,
				B1CF28EC2978730400D0A562 /* FFHeaderMainTabView.swift */,
			);
			path = "Custom View";
			sourceTree = "<group>";
		};
		CCD7D619F3AF92161F07436C /* Frameworks */ = {
			isa = PBXGroup;
			children = (
				12A570BDAF5DCAC639C5D5C1 /* Pods_FastFeet.framework */,
				1F65F1A38ED8ACB2AD143A56 /* Pods_FastFeet_FastFeetUITests.framework */,
				C798511B4274D4E1EDAE42C6 /* Pods_FastFeetTests.framework */,
			);
			name = Frameworks;
			sourceTree = "<group>";
		};
/* End PBXGroup section */

/* Begin PBXNativeTarget section */
		B161B9CB296A318200F6B5EF /* FastFeet */ = {
			isa = PBXNativeTarget;
			buildConfigurationList = B161B9F9296A318200F6B5EF /* Build configuration list for PBXNativeTarget "FastFeet" */;
			buildPhases = (
				14C358667300F894DD807FD6 /* [CP] Check Pods Manifest.lock */,
				B161B9C8296A318200F6B5EF /* Sources */,
				B161B9C9296A318200F6B5EF /* Frameworks */,
				B161B9CA296A318200F6B5EF /* Resources */,
				E7253E2EB207F4B990868A7A /* [CP] Embed Pods Frameworks */,
			);
			buildRules = (
			);
			dependencies = (
			);
			name = FastFeet;
			productName = FastFeet;
			productReference = B161B9CC296A318200F6B5EF /* FastFeet.app */;
			productType = "com.apple.product-type.application";
		};
		B161B9E4296A318200F6B5EF /* FastFeetTests */ = {
			isa = PBXNativeTarget;
			buildConfigurationList = B161B9FC296A318200F6B5EF /* Build configuration list for PBXNativeTarget "FastFeetTests" */;
			buildPhases = (
				F32DB0C7375C90536234BDAE /* [CP] Check Pods Manifest.lock */,
				B161B9E1296A318200F6B5EF /* Sources */,
				B161B9E2296A318200F6B5EF /* Frameworks */,
				B161B9E3296A318200F6B5EF /* Resources */,
			);
			buildRules = (
			);
			dependencies = (
				B161B9E7296A318200F6B5EF /* PBXTargetDependency */,
			);
			name = FastFeetTests;
			productName = FastFeetTests;
			productReference = B161B9E5296A318200F6B5EF /* FastFeetTests.xctest */;
			productType = "com.apple.product-type.bundle.unit-test";
		};
		B161B9EE296A318200F6B5EF /* FastFeetUITests */ = {
			isa = PBXNativeTarget;
			buildConfigurationList = B161B9FF296A318200F6B5EF /* Build configuration list for PBXNativeTarget "FastFeetUITests" */;
			buildPhases = (
				D9B2B777C47B5DCC9E7677F3 /* [CP] Check Pods Manifest.lock */,
				B161B9EB296A318200F6B5EF /* Sources */,
				B161B9EC296A318200F6B5EF /* Frameworks */,
				B161B9ED296A318200F6B5EF /* Resources */,
				82C70E2623ED769288C49EA9 /* [CP] Embed Pods Frameworks */,
			);
			buildRules = (
			);
			dependencies = (
				B161B9F1296A318200F6B5EF /* PBXTargetDependency */,
			);
			name = FastFeetUITests;
			productName = FastFeetUITests;
			productReference = B161B9EF296A318200F6B5EF /* FastFeetUITests.xctest */;
			productType = "com.apple.product-type.bundle.ui-testing";
		};
/* End PBXNativeTarget section */

/* Begin PBXProject section */
		B161B9C4296A318200F6B5EF /* Project object */ = {
			isa = PBXProject;
			attributes = {
				BuildIndependentTargetsInParallel = 1;
				LastSwiftUpdateCheck = 1340;
				LastUpgradeCheck = 1340;
				TargetAttributes = {
					B161B9CB296A318200F6B5EF = {
						CreatedOnToolsVersion = 13.4.1;
					};
					B161B9E4296A318200F6B5EF = {
						CreatedOnToolsVersion = 13.4.1;
						TestTargetID = B161B9CB296A318200F6B5EF;
					};
					B161B9EE296A318200F6B5EF = {
						CreatedOnToolsVersion = 13.4.1;
						TestTargetID = B161B9CB296A318200F6B5EF;
					};
				};
			};
			buildConfigurationList = B161B9C7296A318200F6B5EF /* Build configuration list for PBXProject "FastFeet" */;
			compatibilityVersion = "Xcode 13.0";
			developmentRegion = en;
			hasScannedForEncodings = 0;
			knownRegions = (
				en,
				Base,
			);
			mainGroup = B161B9C3296A318200F6B5EF;
			productRefGroup = B161B9CD296A318200F6B5EF /* Products */;
			projectDirPath = "";
			projectRoot = "";
			targets = (
				B161B9CB296A318200F6B5EF /* FastFeet */,
				B161B9E4296A318200F6B5EF /* FastFeetTests */,
				B161B9EE296A318200F6B5EF /* FastFeetUITests */,
			);
		};
/* End PBXProject section */

/* Begin PBXResourcesBuildPhase section */
		B161B9CA296A318200F6B5EF /* Resources */ = {
			isa = PBXResourcesBuildPhase;
			buildActionMask = 2147483647;
			files = (
				B161B9DF296A318200F6B5EF /* LaunchScreen.storyboard in Resources */,
				B161B9DC296A318200F6B5EF /* Assets.xcassets in Resources */,
			);
			runOnlyForDeploymentPostprocessing = 0;
		};
		B161B9E3296A318200F6B5EF /* Resources */ = {
			isa = PBXResourcesBuildPhase;
			buildActionMask = 2147483647;
			files = (
			);
			runOnlyForDeploymentPostprocessing = 0;
		};
		B161B9ED296A318200F6B5EF /* Resources */ = {
			isa = PBXResourcesBuildPhase;
			buildActionMask = 2147483647;
			files = (
			);
			runOnlyForDeploymentPostprocessing = 0;
		};
/* End PBXResourcesBuildPhase section */

/* Begin PBXShellScriptBuildPhase section */
		14C358667300F894DD807FD6 /* [CP] Check Pods Manifest.lock */ = {
			isa = PBXShellScriptBuildPhase;
			buildActionMask = 2147483647;
			files = (
			);
			inputFileListPaths = (
			);
			inputPaths = (
				"${PODS_PODFILE_DIR_PATH}/Podfile.lock",
				"${PODS_ROOT}/Manifest.lock",
			);
			name = "[CP] Check Pods Manifest.lock";
			outputFileListPaths = (
			);
			outputPaths = (
				"$(DERIVED_FILE_DIR)/Pods-FastFeet-checkManifestLockResult.txt",
			);
			runOnlyForDeploymentPostprocessing = 0;
			shellPath = /bin/sh;
			shellScript = "diff \"${PODS_PODFILE_DIR_PATH}/Podfile.lock\" \"${PODS_ROOT}/Manifest.lock\" > /dev/null\nif [ $? != 0 ] ; then\n    # print error to STDERR\n    echo \"error: The sandbox is not in sync with the Podfile.lock. Run 'pod install' or update your CocoaPods installation.\" >&2\n    exit 1\nfi\n# This output is used by Xcode 'outputs' to avoid re-running this script phase.\necho \"SUCCESS\" > \"${SCRIPT_OUTPUT_FILE_0}\"\n";
			showEnvVarsInLog = 0;
		};
		82C70E2623ED769288C49EA9 /* [CP] Embed Pods Frameworks */ = {
			isa = PBXShellScriptBuildPhase;
			buildActionMask = 2147483647;
			files = (
			);
			inputFileListPaths = (
				"${PODS_ROOT}/Target Support Files/Pods-FastFeet-FastFeetUITests/Pods-FastFeet-FastFeetUITests-frameworks-${CONFIGURATION}-input-files.xcfilelist",
			);
			name = "[CP] Embed Pods Frameworks";
			outputFileListPaths = (
				"${PODS_ROOT}/Target Support Files/Pods-FastFeet-FastFeetUITests/Pods-FastFeet-FastFeetUITests-frameworks-${CONFIGURATION}-output-files.xcfilelist",
			);
			runOnlyForDeploymentPostprocessing = 0;
			shellPath = /bin/sh;
			shellScript = "\"${PODS_ROOT}/Target Support Files/Pods-FastFeet-FastFeetUITests/Pods-FastFeet-FastFeetUITests-frameworks.sh\"\n";
			showEnvVarsInLog = 0;
		};
		D9B2B777C47B5DCC9E7677F3 /* [CP] Check Pods Manifest.lock */ = {
			isa = PBXShellScriptBuildPhase;
			buildActionMask = 2147483647;
			files = (
			);
			inputFileListPaths = (
			);
			inputPaths = (
				"${PODS_PODFILE_DIR_PATH}/Podfile.lock",
				"${PODS_ROOT}/Manifest.lock",
			);
			name = "[CP] Check Pods Manifest.lock";
			outputFileListPaths = (
			);
			outputPaths = (
				"$(DERIVED_FILE_DIR)/Pods-FastFeet-FastFeetUITests-checkManifestLockResult.txt",
			);
			runOnlyForDeploymentPostprocessing = 0;
			shellPath = /bin/sh;
			shellScript = "diff \"${PODS_PODFILE_DIR_PATH}/Podfile.lock\" \"${PODS_ROOT}/Manifest.lock\" > /dev/null\nif [ $? != 0 ] ; then\n    # print error to STDERR\n    echo \"error: The sandbox is not in sync with the Podfile.lock. Run 'pod install' or update your CocoaPods installation.\" >&2\n    exit 1\nfi\n# This output is used by Xcode 'outputs' to avoid re-running this script phase.\necho \"SUCCESS\" > \"${SCRIPT_OUTPUT_FILE_0}\"\n";
			showEnvVarsInLog = 0;
		};
		E7253E2EB207F4B990868A7A /* [CP] Embed Pods Frameworks */ = {
			isa = PBXShellScriptBuildPhase;
			buildActionMask = 2147483647;
			files = (
			);
			inputFileListPaths = (
				"${PODS_ROOT}/Target Support Files/Pods-FastFeet/Pods-FastFeet-frameworks-${CONFIGURATION}-input-files.xcfilelist",
			);
			name = "[CP] Embed Pods Frameworks";
			outputFileListPaths = (
				"${PODS_ROOT}/Target Support Files/Pods-FastFeet/Pods-FastFeet-frameworks-${CONFIGURATION}-output-files.xcfilelist",
			);
			runOnlyForDeploymentPostprocessing = 0;
			shellPath = /bin/sh;
			shellScript = "\"${PODS_ROOT}/Target Support Files/Pods-FastFeet/Pods-FastFeet-frameworks.sh\"\n";
			showEnvVarsInLog = 0;
		};
		F32DB0C7375C90536234BDAE /* [CP] Check Pods Manifest.lock */ = {
			isa = PBXShellScriptBuildPhase;
			buildActionMask = 2147483647;
			files = (
			);
			inputFileListPaths = (
			);
			inputPaths = (
				"${PODS_PODFILE_DIR_PATH}/Podfile.lock",
				"${PODS_ROOT}/Manifest.lock",
			);
			name = "[CP] Check Pods Manifest.lock";
			outputFileListPaths = (
			);
			outputPaths = (
				"$(DERIVED_FILE_DIR)/Pods-FastFeetTests-checkManifestLockResult.txt",
			);
			runOnlyForDeploymentPostprocessing = 0;
			shellPath = /bin/sh;
			shellScript = "diff \"${PODS_PODFILE_DIR_PATH}/Podfile.lock\" \"${PODS_ROOT}/Manifest.lock\" > /dev/null\nif [ $? != 0 ] ; then\n    # print error to STDERR\n    echo \"error: The sandbox is not in sync with the Podfile.lock. Run 'pod install' or update your CocoaPods installation.\" >&2\n    exit 1\nfi\n# This output is used by Xcode 'outputs' to avoid re-running this script phase.\necho \"SUCCESS\" > \"${SCRIPT_OUTPUT_FILE_0}\"\n";
			showEnvVarsInLog = 0;
		};
/* End PBXShellScriptBuildPhase section */

/* Begin PBXSourcesBuildPhase section */
		B161B9C8296A318200F6B5EF /* Sources */ = {
			isa = PBXSourcesBuildPhase;
			buildActionMask = 2147483647;
			files = (
				B1CF28ED2978730400D0A562 /* FFHeaderMainTabView.swift in Sources */,
				B19117602979BBE00006D0CA /* FFService.swift in Sources */,
				B1CF28DB2978491100D0A562 /* FFLoginStrings.swift in Sources */,
				B161BA05296A34C100F6B5EF /* Extensions.swift in Sources */,
				B186E2252979B87E000B05A7 /* FFPackageResults.swift in Sources */,
				B186E2272979B929000B05A7 /* FFPackageStatus.swift in Sources */,
				B1CF28E429785C8500D0A562 /* FFMainTabViewController.swift in Sources */,
				B1CF28D6297829DF00D0A562 /* FFForgotPassword.swift in Sources */,
				B1FC7E122975B6D500017D98 /* FFHeaderStartMainView.swift in Sources */,
				B1CF28DD2978499600D0A562 /* FeatureKind.swift in Sources */,
				B1CF28EB297860BC00D0A562 /* FFMainTabStrings.swift in Sources */,
				B1CF28DF29784BDF00D0A562 /* FFForgotPasswordStrings.swift in Sources */,
				B1CF28E629785D6200D0A562 /* FFPendingViewController.swift in Sources */,
				B1FC7E152975CD4000017D98 /* Utilities.swift in Sources */,
				B161B9D4296A318200F6B5EF /* FFLoginViewController.swift in Sources */,
				B191175C2979BB210006D0CA /* FFGenericService.swift in Sources */,
				B161B9D0296A318200F6B5EF /* AppDelegate.swift in Sources */,
				B1CF28E929785DC700D0A562 /* FFDeliveredViewController.swift in Sources */,
				B161B9D2296A318200F6B5EF /* SceneDelegate.swift in Sources */,
				B191175E2979BB660006D0CA /* FFServiceError.swift in Sources */,
				B161B9DA296A318200F6B5EF /* FastFeet.xcdatamodeld in Sources */,
			);
			runOnlyForDeploymentPostprocessing = 0;
		};
		B161B9E1296A318200F6B5EF /* Sources */ = {
			isa = PBXSourcesBuildPhase;
			buildActionMask = 2147483647;
			files = (
				B161B9EA296A318200F6B5EF /* FastFeetTests.swift in Sources */,
			);
			runOnlyForDeploymentPostprocessing = 0;
		};
		B161B9EB296A318200F6B5EF /* Sources */ = {
			isa = PBXSourcesBuildPhase;
			buildActionMask = 2147483647;
			files = (
				B161B9F6296A318200F6B5EF /* FastFeetUITestsLaunchTests.swift in Sources */,
				B161B9F4296A318200F6B5EF /* FastFeetUITests.swift in Sources */,
			);
			runOnlyForDeploymentPostprocessing = 0;
		};
/* End PBXSourcesBuildPhase section */

/* Begin PBXTargetDependency section */
		B161B9E7296A318200F6B5EF /* PBXTargetDependency */ = {
			isa = PBXTargetDependency;
			target = B161B9CB296A318200F6B5EF /* FastFeet */;
			targetProxy = B161B9E6296A318200F6B5EF /* PBXContainerItemProxy */;
		};
		B161B9F1296A318200F6B5EF /* PBXTargetDependency */ = {
			isa = PBXTargetDependency;
			target = B161B9CB296A318200F6B5EF /* FastFeet */;
			targetProxy = B161B9F0296A318200F6B5EF /* PBXContainerItemProxy */;
		};
/* End PBXTargetDependency section */

/* Begin PBXVariantGroup section */
		B161B9DD296A318200F6B5EF /* LaunchScreen.storyboard */ = {
			isa = PBXVariantGroup;
			children = (
				B161B9DE296A318200F6B5EF /* Base */,
			);
			name = LaunchScreen.storyboard;
			sourceTree = "<group>";
		};
/* End PBXVariantGroup section */

/* Begin XCBuildConfiguration section */
		B161B9F7296A318200F6B5EF /* Debug */ = {
			isa = XCBuildConfiguration;
			buildSettings = {
				ALWAYS_SEARCH_USER_PATHS = NO;
				CLANG_ANALYZER_NONNULL = YES;
				CLANG_ANALYZER_NUMBER_OBJECT_CONVERSION = YES_AGGRESSIVE;
				CLANG_CXX_LANGUAGE_STANDARD = "gnu++17";
				CLANG_ENABLE_MODULES = YES;
				CLANG_ENABLE_OBJC_ARC = YES;
				CLANG_ENABLE_OBJC_WEAK = YES;
				CLANG_WARN_BLOCK_CAPTURE_AUTORELEASING = YES;
				CLANG_WARN_BOOL_CONVERSION = YES;
				CLANG_WARN_COMMA = YES;
				CLANG_WARN_CONSTANT_CONVERSION = YES;
				CLANG_WARN_DEPRECATED_OBJC_IMPLEMENTATIONS = YES;
				CLANG_WARN_DIRECT_OBJC_ISA_USAGE = YES_ERROR;
				CLANG_WARN_DOCUMENTATION_COMMENTS = YES;
				CLANG_WARN_EMPTY_BODY = YES;
				CLANG_WARN_ENUM_CONVERSION = YES;
				CLANG_WARN_INFINITE_RECURSION = YES;
				CLANG_WARN_INT_CONVERSION = YES;
				CLANG_WARN_NON_LITERAL_NULL_CONVERSION = YES;
				CLANG_WARN_OBJC_IMPLICIT_RETAIN_SELF = YES;
				CLANG_WARN_OBJC_LITERAL_CONVERSION = YES;
				CLANG_WARN_OBJC_ROOT_CLASS = YES_ERROR;
				CLANG_WARN_QUOTED_INCLUDE_IN_FRAMEWORK_HEADER = YES;
				CLANG_WARN_RANGE_LOOP_ANALYSIS = YES;
				CLANG_WARN_STRICT_PROTOTYPES = YES;
				CLANG_WARN_SUSPICIOUS_MOVE = YES;
				CLANG_WARN_UNGUARDED_AVAILABILITY = YES_AGGRESSIVE;
				CLANG_WARN_UNREACHABLE_CODE = YES;
				CLANG_WARN__DUPLICATE_METHOD_MATCH = YES;
				COPY_PHASE_STRIP = NO;
				DEBUG_INFORMATION_FORMAT = dwarf;
				ENABLE_STRICT_OBJC_MSGSEND = YES;
				ENABLE_TESTABILITY = YES;
				GCC_C_LANGUAGE_STANDARD = gnu11;
				GCC_DYNAMIC_NO_PIC = NO;
				GCC_NO_COMMON_BLOCKS = YES;
				GCC_OPTIMIZATION_LEVEL = 0;
				GCC_PREPROCESSOR_DEFINITIONS = (
					"DEBUG=1",
					"$(inherited)",
				);
				GCC_WARN_64_TO_32_BIT_CONVERSION = YES;
				GCC_WARN_ABOUT_RETURN_TYPE = YES_ERROR;
				GCC_WARN_UNDECLARED_SELECTOR = YES;
				GCC_WARN_UNINITIALIZED_AUTOS = YES_AGGRESSIVE;
				GCC_WARN_UNUSED_FUNCTION = YES;
				GCC_WARN_UNUSED_VARIABLE = YES;
				IPHONEOS_DEPLOYMENT_TARGET = 15.5;
				MTL_ENABLE_DEBUG_INFO = INCLUDE_SOURCE;
				MTL_FAST_MATH = YES;
				ONLY_ACTIVE_ARCH = YES;
				SDKROOT = iphoneos;
				SWIFT_ACTIVE_COMPILATION_CONDITIONS = DEBUG;
				SWIFT_OPTIMIZATION_LEVEL = "-Onone";
			};
			name = Debug;
		};
		B161B9F8296A318200F6B5EF /* Release */ = {
			isa = XCBuildConfiguration;
			buildSettings = {
				ALWAYS_SEARCH_USER_PATHS = NO;
				CLANG_ANALYZER_NONNULL = YES;
				CLANG_ANALYZER_NUMBER_OBJECT_CONVERSION = YES_AGGRESSIVE;
				CLANG_CXX_LANGUAGE_STANDARD = "gnu++17";
				CLANG_ENABLE_MODULES = YES;
				CLANG_ENABLE_OBJC_ARC = YES;
				CLANG_ENABLE_OBJC_WEAK = YES;
				CLANG_WARN_BLOCK_CAPTURE_AUTORELEASING = YES;
				CLANG_WARN_BOOL_CONVERSION = YES;
				CLANG_WARN_COMMA = YES;
				CLANG_WARN_CONSTANT_CONVERSION = YES;
				CLANG_WARN_DEPRECATED_OBJC_IMPLEMENTATIONS = YES;
				CLANG_WARN_DIRECT_OBJC_ISA_USAGE = YES_ERROR;
				CLANG_WARN_DOCUMENTATION_COMMENTS = YES;
				CLANG_WARN_EMPTY_BODY = YES;
				CLANG_WARN_ENUM_CONVERSION = YES;
				CLANG_WARN_INFINITE_RECURSION = YES;
				CLANG_WARN_INT_CONVERSION = YES;
				CLANG_WARN_NON_LITERAL_NULL_CONVERSION = YES;
				CLANG_WARN_OBJC_IMPLICIT_RETAIN_SELF = YES;
				CLANG_WARN_OBJC_LITERAL_CONVERSION = YES;
				CLANG_WARN_OBJC_ROOT_CLASS = YES_ERROR;
				CLANG_WARN_QUOTED_INCLUDE_IN_FRAMEWORK_HEADER = YES;
				CLANG_WARN_RANGE_LOOP_ANALYSIS = YES;
				CLANG_WARN_STRICT_PROTOTYPES = YES;
				CLANG_WARN_SUSPICIOUS_MOVE = YES;
				CLANG_WARN_UNGUARDED_AVAILABILITY = YES_AGGRESSIVE;
				CLANG_WARN_UNREACHABLE_CODE = YES;
				CLANG_WARN__DUPLICATE_METHOD_MATCH = YES;
				COPY_PHASE_STRIP = NO;
				DEBUG_INFORMATION_FORMAT = "dwarf-with-dsym";
				ENABLE_NS_ASSERTIONS = NO;
				ENABLE_STRICT_OBJC_MSGSEND = YES;
				GCC_C_LANGUAGE_STANDARD = gnu11;
				GCC_NO_COMMON_BLOCKS = YES;
				GCC_WARN_64_TO_32_BIT_CONVERSION = YES;
				GCC_WARN_ABOUT_RETURN_TYPE = YES_ERROR;
				GCC_WARN_UNDECLARED_SELECTOR = YES;
				GCC_WARN_UNINITIALIZED_AUTOS = YES_AGGRESSIVE;
				GCC_WARN_UNUSED_FUNCTION = YES;
				GCC_WARN_UNUSED_VARIABLE = YES;
				IPHONEOS_DEPLOYMENT_TARGET = 15.5;
				MTL_ENABLE_DEBUG_INFO = NO;
				MTL_FAST_MATH = YES;
				SDKROOT = iphoneos;
				SWIFT_COMPILATION_MODE = wholemodule;
				SWIFT_OPTIMIZATION_LEVEL = "-O";
				VALIDATE_PRODUCT = YES;
			};
			name = Release;
		};
		B161B9FA296A318200F6B5EF /* Debug */ = {
			isa = XCBuildConfiguration;
			baseConfigurationReference = 76839803B565232DB51D5E42 /* Pods-FastFeet.debug.xcconfig */;
			buildSettings = {
				ASSETCATALOG_COMPILER_APPICON_NAME = AppIcon;
				ASSETCATALOG_COMPILER_GLOBAL_ACCENT_COLOR_NAME = AccentColor;
				CODE_SIGN_STYLE = Automatic;
				CURRENT_PROJECT_VERSION = 1;
				DEVELOPMENT_TEAM = QFL3TKB7D4;
				GENERATE_INFOPLIST_FILE = YES;
				INFOPLIST_FILE = FastFeet/Info.plist;
				INFOPLIST_KEY_UIApplicationSupportsIndirectInputEvents = YES;
				INFOPLIST_KEY_UILaunchStoryboardName = LaunchScreen;
				INFOPLIST_KEY_UIMainStoryboardFile = LaunchScreen;
				INFOPLIST_KEY_UISupportedInterfaceOrientations_iPad = "UIInterfaceOrientationPortrait UIInterfaceOrientationPortraitUpsideDown UIInterfaceOrientationLandscapeLeft UIInterfaceOrientationLandscapeRight";
				INFOPLIST_KEY_UISupportedInterfaceOrientations_iPhone = "UIInterfaceOrientationPortrait UIInterfaceOrientationLandscapeLeft UIInterfaceOrientationLandscapeRight";
				LD_RUNPATH_SEARCH_PATHS = (
					"$(inherited)",
					"@executable_path/Frameworks",
				);
				MARKETING_VERSION = 1.0;
				PRODUCT_BUNDLE_IDENTIFIER = "https---github.com-bertiGrazi.FastFeet";
				PRODUCT_NAME = "$(TARGET_NAME)";
				SWIFT_EMIT_LOC_STRINGS = YES;
				SWIFT_VERSION = 5.0;
				TARGETED_DEVICE_FAMILY = "1,2";
			};
			name = Debug;
		};
		B161B9FB296A318200F6B5EF /* Release */ = {
			isa = XCBuildConfiguration;
			baseConfigurationReference = D798419CC14745FBC8D97387 /* Pods-FastFeet.release.xcconfig */;
			buildSettings = {
				ASSETCATALOG_COMPILER_APPICON_NAME = AppIcon;
				ASSETCATALOG_COMPILER_GLOBAL_ACCENT_COLOR_NAME = AccentColor;
				CODE_SIGN_STYLE = Automatic;
				CURRENT_PROJECT_VERSION = 1;
				DEVELOPMENT_TEAM = QFL3TKB7D4;
				GENERATE_INFOPLIST_FILE = YES;
				INFOPLIST_FILE = FastFeet/Info.plist;
				INFOPLIST_KEY_UIApplicationSupportsIndirectInputEvents = YES;
				INFOPLIST_KEY_UILaunchStoryboardName = LaunchScreen;
				INFOPLIST_KEY_UIMainStoryboardFile = LaunchScreen;
				INFOPLIST_KEY_UISupportedInterfaceOrientations_iPad = "UIInterfaceOrientationPortrait UIInterfaceOrientationPortraitUpsideDown UIInterfaceOrientationLandscapeLeft UIInterfaceOrientationLandscapeRight";
				INFOPLIST_KEY_UISupportedInterfaceOrientations_iPhone = "UIInterfaceOrientationPortrait UIInterfaceOrientationLandscapeLeft UIInterfaceOrientationLandscapeRight";
				LD_RUNPATH_SEARCH_PATHS = (
					"$(inherited)",
					"@executable_path/Frameworks",
				);
				MARKETING_VERSION = 1.0;
				PRODUCT_BUNDLE_IDENTIFIER = "https---github.com-bertiGrazi.FastFeet";
				PRODUCT_NAME = "$(TARGET_NAME)";
				SWIFT_EMIT_LOC_STRINGS = YES;
				SWIFT_VERSION = 5.0;
				TARGETED_DEVICE_FAMILY = "1,2";
			};
			name = Release;
		};
		B161B9FD296A318200F6B5EF /* Debug */ = {
			isa = XCBuildConfiguration;
			baseConfigurationReference = 2D08766E1EA897B5003BEF67 /* Pods-FastFeetTests.debug.xcconfig */;
			buildSettings = {
				ALWAYS_EMBED_SWIFT_STANDARD_LIBRARIES = YES;
				BUNDLE_LOADER = "$(TEST_HOST)";
				CODE_SIGN_STYLE = Automatic;
				CURRENT_PROJECT_VERSION = 1;
				DEVELOPMENT_TEAM = QFL3TKB7D4;
				GENERATE_INFOPLIST_FILE = YES;
				IPHONEOS_DEPLOYMENT_TARGET = 15.5;
				MARKETING_VERSION = 1.0;
				PRODUCT_BUNDLE_IDENTIFIER = "https---github.com-bertiGrazi.FastFeetTests";
				PRODUCT_NAME = "$(TARGET_NAME)";
				SWIFT_EMIT_LOC_STRINGS = NO;
				SWIFT_VERSION = 5.0;
				TARGETED_DEVICE_FAMILY = "1,2";
				TEST_HOST = "$(BUILT_PRODUCTS_DIR)/FastFeet.app/FastFeet";
			};
			name = Debug;
		};
		B161B9FE296A318200F6B5EF /* Release */ = {
			isa = XCBuildConfiguration;
			baseConfigurationReference = C533F2AF64305B4EF2BB3004 /* Pods-FastFeetTests.release.xcconfig */;
			buildSettings = {
				ALWAYS_EMBED_SWIFT_STANDARD_LIBRARIES = YES;
				BUNDLE_LOADER = "$(TEST_HOST)";
				CODE_SIGN_STYLE = Automatic;
				CURRENT_PROJECT_VERSION = 1;
				DEVELOPMENT_TEAM = QFL3TKB7D4;
				GENERATE_INFOPLIST_FILE = YES;
				IPHONEOS_DEPLOYMENT_TARGET = 15.5;
				MARKETING_VERSION = 1.0;
				PRODUCT_BUNDLE_IDENTIFIER = "https---github.com-bertiGrazi.FastFeetTests";
				PRODUCT_NAME = "$(TARGET_NAME)";
				SWIFT_EMIT_LOC_STRINGS = NO;
				SWIFT_VERSION = 5.0;
				TARGETED_DEVICE_FAMILY = "1,2";
				TEST_HOST = "$(BUILT_PRODUCTS_DIR)/FastFeet.app/FastFeet";
			};
			name = Release;
		};
		B161BA00296A318200F6B5EF /* Debug */ = {
			isa = XCBuildConfiguration;
			baseConfigurationReference = 4005DD584EDDF24E02E2B71E /* Pods-FastFeet-FastFeetUITests.debug.xcconfig */;
			buildSettings = {
				ALWAYS_EMBED_SWIFT_STANDARD_LIBRARIES = YES;
				CODE_SIGN_STYLE = Automatic;
				CURRENT_PROJECT_VERSION = 1;
				DEVELOPMENT_TEAM = QFL3TKB7D4;
				GENERATE_INFOPLIST_FILE = YES;
				MARKETING_VERSION = 1.0;
				PRODUCT_BUNDLE_IDENTIFIER = "https---github.com-bertiGrazi.FastFeetUITests";
				PRODUCT_NAME = "$(TARGET_NAME)";
				SWIFT_EMIT_LOC_STRINGS = NO;
				SWIFT_VERSION = 5.0;
				TARGETED_DEVICE_FAMILY = "1,2";
				TEST_TARGET_NAME = FastFeet;
			};
			name = Debug;
		};
		B161BA01296A318200F6B5EF /* Release */ = {
			isa = XCBuildConfiguration;
			baseConfigurationReference = CEFDD91D4DA7C22009B28202 /* Pods-FastFeet-FastFeetUITests.release.xcconfig */;
			buildSettings = {
				ALWAYS_EMBED_SWIFT_STANDARD_LIBRARIES = YES;
				CODE_SIGN_STYLE = Automatic;
				CURRENT_PROJECT_VERSION = 1;
				DEVELOPMENT_TEAM = QFL3TKB7D4;
				GENERATE_INFOPLIST_FILE = YES;
				MARKETING_VERSION = 1.0;
				PRODUCT_BUNDLE_IDENTIFIER = "https---github.com-bertiGrazi.FastFeetUITests";
				PRODUCT_NAME = "$(TARGET_NAME)";
				SWIFT_EMIT_LOC_STRINGS = NO;
				SWIFT_VERSION = 5.0;
				TARGETED_DEVICE_FAMILY = "1,2";
				TEST_TARGET_NAME = FastFeet;
			};
			name = Release;
		};
/* End XCBuildConfiguration section */

/* Begin XCConfigurationList section */
		B161B9C7296A318200F6B5EF /* Build configuration list for PBXProject "FastFeet" */ = {
			isa = XCConfigurationList;
			buildConfigurations = (
				B161B9F7296A318200F6B5EF /* Debug */,
				B161B9F8296A318200F6B5EF /* Release */,
			);
			defaultConfigurationIsVisible = 0;
			defaultConfigurationName = Release;
		};
		B161B9F9296A318200F6B5EF /* Build configuration list for PBXNativeTarget "FastFeet" */ = {
			isa = XCConfigurationList;
			buildConfigurations = (
				B161B9FA296A318200F6B5EF /* Debug */,
				B161B9FB296A318200F6B5EF /* Release */,
			);
			defaultConfigurationIsVisible = 0;
			defaultConfigurationName = Release;
		};
		B161B9FC296A318200F6B5EF /* Build configuration list for PBXNativeTarget "FastFeetTests" */ = {
			isa = XCConfigurationList;
			buildConfigurations = (
				B161B9FD296A318200F6B5EF /* Debug */,
				B161B9FE296A318200F6B5EF /* Release */,
			);
			defaultConfigurationIsVisible = 0;
			defaultConfigurationName = Release;
		};
		B161B9FF296A318200F6B5EF /* Build configuration list for PBXNativeTarget "FastFeetUITests" */ = {
			isa = XCConfigurationList;
			buildConfigurations = (
				B161BA00296A318200F6B5EF /* Debug */,
				B161BA01296A318200F6B5EF /* Release */,
			);
			defaultConfigurationIsVisible = 0;
			defaultConfigurationName = Release;
		};
/* End XCConfigurationList section */

/* Begin XCVersionGroup section */
		B161B9D8296A318200F6B5EF /* FastFeet.xcdatamodeld */ = {
			isa = XCVersionGroup;
			children = (
				B161B9D9296A318200F6B5EF /* FastFeet.xcdatamodel */,
			);
			currentVersion = B161B9D9296A318200F6B5EF /* FastFeet.xcdatamodel */;
			path = FastFeet.xcdatamodeld;
			sourceTree = "<group>";
			versionGroupType = wrapper.xcdatamodel;
		};
/* End XCVersionGroup section */
	};
	rootObject = B161B9C4296A318200F6B5EF /* Project object */;
}
